
Microsoft Visual Studio Solution File, Format Version 12.00
# Visual Studio 15
VisualStudioVersion = 15.0.28010.0
MinimumVisualStudioVersion = 10.0.40219.1
Project("{FAE04EC0-301F-11D3-BF4B-00C04F79EFBC}") = "Ybm.NCronTabCore", "Ybm.NCronTabCore\Ybm.NCronTabCore.csproj", "{00AE04AC-A915-45BA-8D72-A70E12C3B72C}"
EndProject
Project("{FAE04EC0-301F-11D3-BF4B-00C04F79EFBC}") = "Ybm.NCronTabCore.Test", "Ybm.NCronTabCore.Test\Ybm.NCronTabCore.Test.csproj", "{C8E61F3B-9D79-4376-B718-3C866086E791}"
EndProject
Global
	GlobalSection(SolutionConfigurationPlatforms) = preSolution
		Debug|Any CPU = Debug|Any CPU
		Release|Any CPU = Release|Any CPU
	EndGlobalSection
	GlobalSection(ProjectConfigurationPlatforms) = postSolution
		{00AE04AC-A915-45BA-8D72-A70E12C3B72C}.Debug|Any CPU.ActiveCfg = Debug|Any CPU
		{00AE04AC-A915-45BA-8D72-A70E12C3B72C}.Debug|Any CPU.Build.0 = Debug|Any CPU
		{00AE04AC-A915-45BA-8D72-A70E12C3B72C}.Release|Any CPU.ActiveCfg = Release|Any CPU
		{00AE04AC-A915-45BA-8D72-A70E12C3B72C}.Release|Any CPU.Build.0 = Release|Any CPU
		{C8E61F3B-9D79-4376-B718-3C866086E791}.Debug|Any CPU.ActiveCfg = Debug|Any CPU
		{C8E61F3B-9D79-4376-B718-3C866086E791}.Debug|Any CPU.Build.0 = Debug|Any CPU
		{C8E61F3B-9D79-4376-B718-3C866086E791}.Release|Any CPU.ActiveCfg = Release|Any CPU
		{C8E61F3B-9D79-4376-B718-3C866086E791}.Release|Any CPU.Build.0 = Release|Any CPU
	EndGlobalSection
	GlobalSection(SolutionProperties) = preSolution
		HideSolutionNode = FALSE
	EndGlobalSection
	GlobalSection(ExtensibilityGlobals) = postSolution
		SolutionGuid = {D572C08B-4681-48CB-850C-AD8BEF67B29E}
	EndGlobalSection
EndGlobal
